// !$*UTF8*$!
{
	archiveVersion = 1;
	classes = {
	};
	objectVersion = 46;
	objects = {

/* Begin PBXFileReference section */
		4E5AB9AD1D157CAE00D3022F /* imageviewer.cpp */ = {isa = PBXFileReference; lastKnownFileType = sourcecode.cpp.cpp; path = imageviewer.cpp; sourceTree = "<group>"; };
		4E5AB9AE1D157CAE00D3022F /* imageviewer.hpp */ = {isa = PBXFileReference; lastKnownFileType = sourcecode.cpp.h; path = imageviewer.hpp; sourceTree = "<group>"; };
		4E5AB9AF1D15863100D3022F /* Makefile */ = {isa = PBXFileReference; lastKnownFileType = sourcecode.make; path = Makefile; sourceTree = "<group>"; };
/* End PBXFileReference section */

/* Begin PBXGroup section */
		4E5AB9A61D157AEC00D3022F = {
			isa = PBXGroup;
			children = (
				4E5AB9AF1D15863100D3022F /* Makefile */,
				4E5AB9AD1D157CAE00D3022F /* imageviewer.cpp */,
				4E5AB9AE1D157CAE00D3022F /* imageviewer.hpp */,
			);
			sourceTree = "<group>";
		};
/* End PBXGroup section */

/* Begin PBXProject section */
		4E5AB9A71D157AEC00D3022F /* Project object */ = {
			isa = PBXProject;
			attributes = {
				LastUpgradeCheck = 0720;
			};
			buildConfigurationList = 4E5AB9AA1D157AEC00D3022F /* Build configuration list for PBXProject "neomatix-aka-ben-project" */;
			compatibilityVersion = "Xcode 3.2";
			developmentRegion = English;
			hasScannedForEncodings = 0;
			knownRegions = (
				en,
			);
			mainGroup = 4E5AB9A61D157AEC00D3022F;
			projectDirPath = "";
			projectRoot = "";
			targets = (
			);
		};
/* End PBXProject section */

/* Begin XCBuildConfiguration section */
		4E5AB9AB1D157AEC00D3022F /* Debug */ = {
			isa = XCBuildConfiguration;
			buildSettings = {
			};
			name = Debug;
		};
		4E5AB9AC1D157AEC00D3022F /* Release */ = {
			isa = XCBuildConfiguration;
			buildSettings = {
			};
			name = Release;
		};
/* End XCBuildConfiguration section */

/* Begin XCConfigurationList section */
		4E5AB9AA1D157AEC00D3022F /* Build configuration list for PBXProject "neomatix-aka-ben-project" */ = {
			isa = XCConfigurationList;
			buildConfigurations = (
				4E5AB9AB1D157AEC00D3022F /* Debug */,
				4E5AB9AC1D157AEC00D3022F /* Release */,
			);
			defaultConfigurationIsVisible = 0;
			defaultConfigurationName = Release;
		};
/* End XCConfigurationList section */
	};
	rootObject = 4E5AB9A71D157AEC00D3022F /* Project object */;
}
